
Microsoft Visual Studio Solution File, Format Version 12.00
# Visual Studio 15
VisualStudioVersion = 15.0.28307.1259
MinimumVisualStudioVersion = 10.0.40219.1
Project("{9A19103F-16F7-4668-BE54-9A1E7A4F7556}") = "Harbor", "Harbor\Harbor.csproj", "{857F948C-A880-40FE-8979-D2D107404147}"
EndProject
Project("{FAE04EC0-301F-11D3-BF4B-00C04F79EFBC}") = "Models", "Models\Models.csproj", "{0B461EA1-3AD3-4F23-9115-E51F9EC121E5}"
EndProject
Global
	GlobalSection(SolutionConfigurationPlatforms) = preSolution
		Debug|Any CPU = Debug|Any CPU
		Release|Any CPU = Release|Any CPU
	EndGlobalSection
	GlobalSection(ProjectConfigurationPlatforms) = postSolution
		{857F948C-A880-40FE-8979-D2D107404147}.Debug|Any CPU.ActiveCfg = Debug|Any CPU
		{857F948C-A880-40FE-8979-D2D107404147}.Debug|Any CPU.Build.0 = Debug|Any CPU
		{857F948C-A880-40FE-8979-D2D107404147}.Release|Any CPU.ActiveCfg = Release|Any CPU
		{857F948C-A880-40FE-8979-D2D107404147}.Release|Any CPU.Build.0 = Release|Any CPU
		{0B461EA1-3AD3-4F23-9115-E51F9EC121E5}.Debug|Any CPU.ActiveCfg = Debug|Any CPU
		{0B461EA1-3AD3-4F23-9115-E51F9EC121E5}.Debug|Any CPU.Build.0 = Debug|Any CPU
		{0B461EA1-3AD3-4F23-9115-E51F9EC121E5}.Release|Any CPU.ActiveCfg = Release|Any CPU
		{0B461EA1-3AD3-4F23-9115-E51F9EC121E5}.Release|Any CPU.Build.0 = Release|Any CPU
	EndGlobalSection
	GlobalSection(SolutionProperties) = preSolution
		HideSolutionNode = FALSE
	EndGlobalSection
	GlobalSection(ExtensibilityGlobals) = postSolution
		SolutionGuid = {90A79726-6444-420A-8121-746391AC1CE1}
	EndGlobalSection
EndGlobal
